
Microsoft Visual Studio Solution File, Format Version 12.00
# Visual Studio 14
VisualStudioVersion = 14.0.23107.0
MinimumVisualStudioVersion = 10.0.40219.1
Project("{8BC9CEB8-8B4A-11D0-8D11-00A0C91BC942}") = "dynapp", "dynapp.vcxproj", "{C91A5635-7394-401D-A8B4-7D3FFD2E782E}"
EndProject
Project("{8BC9CEB8-8B4A-11D0-8D11-00A0C91BC942}") = "dynclass", "dynclass.vcxproj", "{FFAAF09C-E123-4FD9-949D-3C85723B975A}"
EndProject
Global
	GlobalSection(SolutionConfigurationPlatforms) = preSolution
		Debug|x86 = Debug|x86
		Release|x86 = Release|x86
		Template|x86 = Template|x86
	EndGlobalSection
	GlobalSection(ProjectConfigurationPlatforms) = postSolution
		{C91A5635-7394-401D-A8B4-7D3FFD2E782E}.Debug|x86.ActiveCfg = Debug|Win32
		{C91A5635-7394-401D-A8B4-7D3FFD2E782E}.Debug|x86.Build.0 = Debug|Win32
		{C91A5635-7394-401D-A8B4-7D3FFD2E782E}.Release|x86.ActiveCfg = Release|Win32
		{C91A5635-7394-401D-A8B4-7D3FFD2E782E}.Release|x86.Build.0 = Release|Win32
		{C91A5635-7394-401D-A8B4-7D3FFD2E782E}.Template|x86.ActiveCfg = Release|Win32
		{C91A5635-7394-401D-A8B4-7D3FFD2E782E}.Template|x86.Build.0 = Release|Win32
		{FFAAF09C-E123-4FD9-949D-3C85723B975A}.Debug|x86.ActiveCfg = Debug|Win32
		{FFAAF09C-E123-4FD9-949D-3C85723B975A}.Debug|x86.Build.0 = Debug|Win32
		{FFAAF09C-E123-4FD9-949D-3C85723B975A}.Release|x86.ActiveCfg = Release|Win32
		{FFAAF09C-E123-4FD9-949D-3C85723B975A}.Release|x86.Build.0 = Release|Win32
		{FFAAF09C-E123-4FD9-949D-3C85723B975A}.Template|x86.ActiveCfg = Template|Win32
		{FFAAF09C-E123-4FD9-949D-3C85723B975A}.Template|x86.Build.0 = Template|Win32
	EndGlobalSection
	GlobalSection(SolutionProperties) = preSolution
		HideSolutionNode = FALSE
	EndGlobalSection
EndGlobal
